
Microsoft Visual Studio Solution File, Format Version 12.00
# Visual Studio Version 16
VisualStudioVersion = 16.0.30413.136
MinimumVisualStudioVersion = 10.0.40219.1
Project("{FAE04EC0-301F-11D3-BF4B-00C04F79EFBC}") = "XamarinElements.Android", "XamarinElements\XamarinElements.Android\XamarinElements.Android.csproj", "{A57A9E2B-0637-4951-8255-179F56A9181F}"
EndProject
Project("{FAE04EC0-301F-11D3-BF4B-00C04F79EFBC}") = "XamarinElements", "XamarinElements\XamarinElements\XamarinElements.csproj", "{E633DDA4-6B6F-4295-854A-7FE3CC55331F}"
EndProject
Global
	GlobalSection(SolutionConfigurationPlatforms) = preSolution
		Debug|Any CPU = Debug|Any CPU
		Release|Any CPU = Release|Any CPU
	EndGlobalSection
	GlobalSection(ProjectConfigurationPlatforms) = postSolution
		{A57A9E2B-0637-4951-8255-179F56A9181F}.Debug|Any CPU.ActiveCfg = Debug|Any CPU
		{A57A9E2B-0637-4951-8255-179F56A9181F}.Debug|Any CPU.Build.0 = Debug|Any CPU
		{A57A9E2B-0637-4951-8255-179F56A9181F}.Debug|Any CPU.Deploy.0 = Debug|Any CPU
		{A57A9E2B-0637-4951-8255-179F56A9181F}.Release|Any CPU.ActiveCfg = Release|Any CPU
		{A57A9E2B-0637-4951-8255-179F56A9181F}.Release|Any CPU.Build.0 = Release|Any CPU
		{A57A9E2B-0637-4951-8255-179F56A9181F}.Release|Any CPU.Deploy.0 = Release|Any CPU
		{E633DDA4-6B6F-4295-854A-7FE3CC55331F}.Debug|Any CPU.ActiveCfg = Debug|Any CPU
		{E633DDA4-6B6F-4295-854A-7FE3CC55331F}.Debug|Any CPU.Build.0 = Debug|Any CPU
		{E633DDA4-6B6F-4295-854A-7FE3CC55331F}.Debug|Any CPU.Deploy.0 = Debug|Any CPU
		{E633DDA4-6B6F-4295-854A-7FE3CC55331F}.Release|Any CPU.ActiveCfg = Release|Any CPU
		{E633DDA4-6B6F-4295-854A-7FE3CC55331F}.Release|Any CPU.Build.0 = Release|Any CPU
		{E633DDA4-6B6F-4295-854A-7FE3CC55331F}.Release|Any CPU.Deploy.0 = Release|Any CPU
	EndGlobalSection
	GlobalSection(SolutionProperties) = preSolution
		HideSolutionNode = FALSE
	EndGlobalSection
	GlobalSection(ExtensibilityGlobals) = postSolution
		SolutionGuid = {CB7CEEA1-51FF-4894-8337-FA523B858432}
	EndGlobalSection
EndGlobal
